{
  "name": "ble-peripheral",
  "version": "2.2.3",
  "lockfileVersion": 2,
  "requires": true,
  "packages": {
    "": {
      "name": "ble-peripheral",
      "version": "2.2.3",
      "license": "MIT",
      "dependencies": {
        "dbus": "git+https://github.com/RuckerGauge/node-dbus.git#JR_addSupportForObjectPath"
      }
    },
    "node_modules/dbus": {
      "resolved": "git+ssh://git@github.com/RuckerGauge/node-dbus.git#1db760eccc5914ee96fc711590776a5d124ff52a",
      "dependencies": {
        "minimist": "^1.2.5",
        "nan": "^2.14.0"
      }
    },
    "node_modules/minimist": {
      "version": "1.2.6",
      "resolved": "https://registry.npmjs.org/minimist/-/minimist-1.2.6.tgz",
      "integrity": "sha512-Jsjnk4bw3YJqYzbdyBiNsPWHPfO++UGG749Cxs6peCu5Xg4nrena6OVxOYxrQTqww0Jmwt+Ref8rggumkTLz9Q=="
    },
    "node_modules/nan": {
      "version": "2.14.1",
      "resolved": "https://registry.npmjs.org/nan/-/nan-2.14.1.tgz",
      "integrity": "sha512-isWHgVjnFjh2x2yuJ/tj3JbwoHu3UC2dX5G/88Cm24yB6YopVgxvBObDY7n5xW6ExmFhJpSEQqFPvq9zaXc8Jw=="
    }
  },
  "dependencies": {
    "dbus": {
      "version": "git+ssh://git@github.com/RuckerGauge/node-dbus.git#1db760eccc5914ee96fc711590776a5d124ff52a",
      "from": "dbus@git+https://github.com/RuckerGauge/node-dbus.git#JR_addSupportForObjectPath",
      "requires": {
        "minimist": "^1.2.5",
        "nan": "^2.14.0"
      }
    },
    "minimist": {
      "version": "1.2.6",
      "resolved": "https://registry.npmjs.org/minimist/-/minimist-1.2.6.tgz",
      "integrity": "sha512-Jsjnk4bw3YJqYzbdyBiNsPWHPfO++UGG749Cxs6peCu5Xg4nrena6OVxOYxrQTqww0Jmwt+Ref8rggumkTLz9Q=="
    },
    "nan": {
      "version": "2.14.1",
      "resolved": "https://registry.npmjs.org/nan/-/nan-2.14.1.tgz",
      "integrity": "sha512-isWHgVjnFjh2x2yuJ/tj3JbwoHu3UC2dX5G/88Cm24yB6YopVgxvBObDY7n5xW6ExmFhJpSEQqFPvq9zaXc8Jw=="
    }
  }
}
