{
    "name": "ble-peripheral",
    "version": "2.0.5",
    "lockfileVersion": 1,
    "requires": true,
    "dependencies": {
      "dbus": {
        "version": "git+https://github.com/RuckerGauge/node-dbus.git#5d7e4c3785502d9d65e057cd9b43d5d1974719df",
        "from": "git+https://github.com/RuckerGauge/node-dbus.git#JR_addSupportForObjectPath",
        "requires": {
          "minimist": "^1.2.5",
          "nan": "^2.14.0"
        }
      },
      "minimist": {
        "version": "1.2.5",
        "resolved": "https://registry.npmjs.org/minimist/-/minimist-1.2.5.tgz",
        "integrity": "sha512-FM9nNUYrRBAELZQT3xeZQ7fmMOBg6nWNmJKTcgsJeaLstP/UODVpGsr5OhXhhXg6f+qtJ8uiZ+PUxkDWcgIXLw=="
      },
      "nan": {
        "version": "2.14.1",
        "resolved": "https://registry.npmjs.org/nan/-/nan-2.14.1.tgz",
        "integrity": "sha512-isWHgVjnFjh2x2yuJ/tj3JbwoHu3UC2dX5G/88Cm24yB6YopVgxvBObDY7n5xW6ExmFhJpSEQqFPvq9zaXc8Jw=="
      }
    }
  }